
Microsoft Visual Studio Solution File, Format Version 12.00
# Visual Studio 2017
Project("{FAE04EC0-301F-11D3-BF4B-00C04F79EFBC}") = "SlickDealsNotifier", "SlickDealsNotifier.csproj", "{1ABB7DE6-54F7-44CD-AC93-44B8849FDA2E}"
EndProject
Global
	GlobalSection(SolutionConfigurationPlatforms) = preSolution
		Debug|Any CPU = Debug|Any CPU
		Release|Any CPU = Release|Any CPU
	EndGlobalSection
	GlobalSection(ProjectConfigurationPlatforms) = postSolution
		{1ABB7DE6-54F7-44CD-AC93-44B8849FDA2E}.Debug|Any CPU.ActiveCfg = Debug|Any CPU
		{1ABB7DE6-54F7-44CD-AC93-44B8849FDA2E}.Debug|Any CPU.Build.0 = Debug|Any CPU
		{1ABB7DE6-54F7-44CD-AC93-44B8849FDA2E}.Release|Any CPU.ActiveCfg = Release|Any CPU
		{1ABB7DE6-54F7-44CD-AC93-44B8849FDA2E}.Release|Any CPU.Build.0 = Release|Any CPU
	EndGlobalSection
EndGlobal
